
Microsoft Visual Studio Solution File, Format Version 12.00
# Visual Studio Version 17
VisualStudioVersion = 17.0.31903.59
MinimumVisualStudioVersion = 10.0.40219.1
Project("{FAE04EC0-301F-11D3-BF4B-00C04F79EFBC}") = "Domain", "src\Domain\Domain.csproj", "{4F31DEE7-2050-4FFE-AE37-53B6AFF0EDCB}"
EndProject
Project("{FAE04EC0-301F-11D3-BF4B-00C04F79EFBC}") = "Infra.Mongo", "src\Infra.Mongo\Infra.Mongo.csproj", "{54C9ABE3-6594-4625-8179-0F6B1F2193F0}"
EndProject
Global
	GlobalSection(SolutionConfigurationPlatforms) = preSolution
		Debug|Any CPU = Debug|Any CPU
		Release|Any CPU = Release|Any CPU
	EndGlobalSection
	GlobalSection(ProjectConfigurationPlatforms) = postSolution
		{4F31DEE7-2050-4FFE-AE37-53B6AFF0EDCB}.Debug|Any CPU.ActiveCfg = Debug|Any CPU
		{4F31DEE7-2050-4FFE-AE37-53B6AFF0EDCB}.Debug|Any CPU.Build.0 = Debug|Any CPU
		{4F31DEE7-2050-4FFE-AE37-53B6AFF0EDCB}.Release|Any CPU.ActiveCfg = Release|Any CPU
		{4F31DEE7-2050-4FFE-AE37-53B6AFF0EDCB}.Release|Any CPU.Build.0 = Release|Any CPU
		{54C9ABE3-6594-4625-8179-0F6B1F2193F0}.Debug|Any CPU.ActiveCfg = Debug|Any CPU
		{54C9ABE3-6594-4625-8179-0F6B1F2193F0}.Debug|Any CPU.Build.0 = Debug|Any CPU
		{54C9ABE3-6594-4625-8179-0F6B1F2193F0}.Release|Any CPU.ActiveCfg = Release|Any CPU
		{54C9ABE3-6594-4625-8179-0F6B1F2193F0}.Release|Any CPU.Build.0 = Release|Any CPU
	EndGlobalSection
	GlobalSection(SolutionProperties) = preSolution
		HideSolutionNode = FALSE
	EndGlobalSection
	GlobalSection(ExtensibilityGlobals) = postSolution
		SolutionGuid = {29757ABC-A6E5-46AF-A309-1482791576BF}
	EndGlobalSection
EndGlobal
